
Microsoft Visual Studio Solution File, Format Version 12.00
# Visual Studio 15
VisualStudioVersion = 15.0.28307.329
MinimumVisualStudioVersion = 10.0.40219.1
Project("{8BC9CEB8-8B4A-11D0-8D11-00A0C91BC942}") = "MyDemoApp", "MyDemoApp\MyDemoApp.vcxproj", "{E5BD630F-400B-457D-9FAF-76739E44FB39}"
EndProject
Global
	GlobalSection(SolutionConfigurationPlatforms) = preSolution
		Debug|x64 = Debug|x64
		Debug|x86 = Debug|x86
		Release|x64 = Release|x64
		Release|x86 = Release|x86
	EndGlobalSection
	GlobalSection(ProjectConfigurationPlatforms) = postSolution
		{E5BD630F-400B-457D-9FAF-76739E44FB39}.Debug|x64.ActiveCfg = Debug|x64
		{E5BD630F-400B-457D-9FAF-76739E44FB39}.Debug|x64.Build.0 = Debug|x64
		{E5BD630F-400B-457D-9FAF-76739E44FB39}.Debug|x86.ActiveCfg = Debug|Win32
		{E5BD630F-400B-457D-9FAF-76739E44FB39}.Debug|x86.Build.0 = Debug|Win32
		{E5BD630F-400B-457D-9FAF-76739E44FB39}.Release|x64.ActiveCfg = Release|x64
		{E5BD630F-400B-457D-9FAF-76739E44FB39}.Release|x64.Build.0 = Release|x64
		{E5BD630F-400B-457D-9FAF-76739E44FB39}.Release|x86.ActiveCfg = Release|Win32
		{E5BD630F-400B-457D-9FAF-76739E44FB39}.Release|x86.Build.0 = Release|Win32
	EndGlobalSection
	GlobalSection(SolutionProperties) = preSolution
		HideSolutionNode = FALSE
	EndGlobalSection
	GlobalSection(ExtensibilityGlobals) = postSolution
		SolutionGuid = {D32C25A4-DBB7-4AD0-B320-B1771C4DEDB5}
	EndGlobalSection
EndGlobal
